
Microsoft Visual Studio Solution File, Format Version 12.00
# Visual Studio 2012
Project("{262852C6-CD72-467D-83FE-5EEB1973A190}") = "webapp", "webapp\webapp.jsproj", "{1A546CBA-AB88-4240-B93A-936AFBA5C075}"
EndProject
Global
	GlobalSection(SolutionConfigurationPlatforms) = preSolution
		Debug|Any CPU = Debug|Any CPU
		Debug|ARM = Debug|ARM
		Debug|Mixed Platforms = Debug|Mixed Platforms
		Debug|Win32 = Debug|Win32
		Debug|x64 = Debug|x64
		Debug|x86 = Debug|x86
		Release|Any CPU = Release|Any CPU
		Release|ARM = Release|ARM
		Release|Mixed Platforms = Release|Mixed Platforms
		Release|Win32 = Release|Win32
		Release|x64 = Release|x64
		Release|x86 = Release|x86
	EndGlobalSection
	GlobalSection(ProjectConfigurationPlatforms) = postSolution
		{1A546CBA-AB88-4240-B93A-936AFBA5C075}.Debug|Any CPU.ActiveCfg = Debug|Any CPU
		{1A546CBA-AB88-4240-B93A-936AFBA5C075}.Debug|Any CPU.Build.0 = Debug|Any CPU
		{1A546CBA-AB88-4240-B93A-936AFBA5C075}.Debug|Any CPU.Deploy.0 = Debug|Any CPU
		{1A546CBA-AB88-4240-B93A-936AFBA5C075}.Debug|ARM.ActiveCfg = Debug|ARM
		{1A546CBA-AB88-4240-B93A-936AFBA5C075}.Debug|ARM.Build.0 = Debug|ARM
		{1A546CBA-AB88-4240-B93A-936AFBA5C075}.Debug|ARM.Deploy.0 = Debug|ARM
		{1A546CBA-AB88-4240-B93A-936AFBA5C075}.Debug|Mixed Platforms.ActiveCfg = Debug|x86
		{1A546CBA-AB88-4240-B93A-936AFBA5C075}.Debug|Mixed Platforms.Build.0 = Debug|x86
		{1A546CBA-AB88-4240-B93A-936AFBA5C075}.Debug|Mixed Platforms.Deploy.0 = Debug|x86
		{1A546CBA-AB88-4240-B93A-936AFBA5C075}.Debug|Win32.ActiveCfg = Debug|x86
		{1A546CBA-AB88-4240-B93A-936AFBA5C075}.Debug|Win32.Build.0 = Debug|x86
		{1A546CBA-AB88-4240-B93A-936AFBA5C075}.Debug|Win32.Deploy.0 = Debug|x86
		{1A546CBA-AB88-4240-B93A-936AFBA5C075}.Debug|x64.ActiveCfg = Debug|x64
		{1A546CBA-AB88-4240-B93A-936AFBA5C075}.Debug|x64.Build.0 = Debug|x64
		{1A546CBA-AB88-4240-B93A-936AFBA5C075}.Debug|x64.Deploy.0 = Debug|x64
		{1A546CBA-AB88-4240-B93A-936AFBA5C075}.Debug|x86.ActiveCfg = Debug|x86
		{1A546CBA-AB88-4240-B93A-936AFBA5C075}.Debug|x86.Build.0 = Debug|x86
		{1A546CBA-AB88-4240-B93A-936AFBA5C075}.Debug|x86.Deploy.0 = Debug|x86
		{1A546CBA-AB88-4240-B93A-936AFBA5C075}.Release|Any CPU.ActiveCfg = Release|Any CPU
		{1A546CBA-AB88-4240-B93A-936AFBA5C075}.Release|Any CPU.Build.0 = Release|Any CPU
		{1A546CBA-AB88-4240-B93A-936AFBA5C075}.Release|Any CPU.Deploy.0 = Release|Any CPU
		{1A546CBA-AB88-4240-B93A-936AFBA5C075}.Release|ARM.ActiveCfg = Release|ARM
		{1A546CBA-AB88-4240-B93A-936AFBA5C075}.Release|ARM.Build.0 = Release|ARM
		{1A546CBA-AB88-4240-B93A-936AFBA5C075}.Release|ARM.Deploy.0 = Release|ARM
		{1A546CBA-AB88-4240-B93A-936AFBA5C075}.Release|Mixed Platforms.ActiveCfg = Release|x86
		{1A546CBA-AB88-4240-B93A-936AFBA5C075}.Release|Mixed Platforms.Build.0 = Release|x86
		{1A546CBA-AB88-4240-B93A-936AFBA5C075}.Release|Mixed Platforms.Deploy.0 = Release|x86
		{1A546CBA-AB88-4240-B93A-936AFBA5C075}.Release|Win32.ActiveCfg = Release|x86
		{1A546CBA-AB88-4240-B93A-936AFBA5C075}.Release|Win32.Build.0 = Release|x86
		{1A546CBA-AB88-4240-B93A-936AFBA5C075}.Release|Win32.Deploy.0 = Release|x86
		{1A546CBA-AB88-4240-B93A-936AFBA5C075}.Release|x64.ActiveCfg = Release|x64
		{1A546CBA-AB88-4240-B93A-936AFBA5C075}.Release|x64.Build.0 = Release|x64
		{1A546CBA-AB88-4240-B93A-936AFBA5C075}.Release|x64.Deploy.0 = Release|x64
		{1A546CBA-AB88-4240-B93A-936AFBA5C075}.Release|x86.ActiveCfg = Release|x86
		{1A546CBA-AB88-4240-B93A-936AFBA5C075}.Release|x86.Build.0 = Release|x86
		{1A546CBA-AB88-4240-B93A-936AFBA5C075}.Release|x86.Deploy.0 = Release|x86
		{B0128862-E988-4232-96FE-2F23EE6C4869}.Debug|Any CPU.ActiveCfg = Debug|Win32
		{B0128862-E988-4232-96FE-2F23EE6C4869}.Debug|ARM.ActiveCfg = Debug|ARM
		{B0128862-E988-4232-96FE-2F23EE6C4869}.Debug|ARM.Build.0 = Debug|ARM
		{B0128862-E988-4232-96FE-2F23EE6C4869}.Debug|Mixed Platforms.ActiveCfg = Debug|Win32
		{B0128862-E988-4232-96FE-2F23EE6C4869}.Debug|Mixed Platforms.Build.0 = Debug|Win32
		{B0128862-E988-4232-96FE-2F23EE6C4869}.Debug|Win32.ActiveCfg = Debug|Win32
		{B0128862-E988-4232-96FE-2F23EE6C4869}.Debug|Win32.Build.0 = Debug|Win32
		{B0128862-E988-4232-96FE-2F23EE6C4869}.Debug|x64.ActiveCfg = Debug|x64
		{B0128862-E988-4232-96FE-2F23EE6C4869}.Debug|x64.Build.0 = Debug|x64
		{B0128862-E988-4232-96FE-2F23EE6C4869}.Debug|x86.ActiveCfg = Debug|Win32
		{B0128862-E988-4232-96FE-2F23EE6C4869}.Debug|x86.Build.0 = Debug|Win32
		{B0128862-E988-4232-96FE-2F23EE6C4869}.Release|Any CPU.ActiveCfg = Release|Win32
		{B0128862-E988-4232-96FE-2F23EE6C4869}.Release|Any CPU.Build.0 = Release|Win32
		{B0128862-E988-4232-96FE-2F23EE6C4869}.Release|ARM.ActiveCfg = Release|ARM
		{B0128862-E988-4232-96FE-2F23EE6C4869}.Release|ARM.Build.0 = Release|ARM
		{B0128862-E988-4232-96FE-2F23EE6C4869}.Release|Mixed Platforms.ActiveCfg = Release|Win32
		{B0128862-E988-4232-96FE-2F23EE6C4869}.Release|Mixed Platforms.Build.0 = Release|Win32
		{B0128862-E988-4232-96FE-2F23EE6C4869}.Release|Win32.ActiveCfg = Release|Win32
		{B0128862-E988-4232-96FE-2F23EE6C4869}.Release|Win32.Build.0 = Release|Win32
		{B0128862-E988-4232-96FE-2F23EE6C4869}.Release|x64.ActiveCfg = Release|x64
		{B0128862-E988-4232-96FE-2F23EE6C4869}.Release|x64.Build.0 = Release|x64
		{B0128862-E988-4232-96FE-2F23EE6C4869}.Release|x86.ActiveCfg = Release|Win32
		{B0128862-E988-4232-96FE-2F23EE6C4869}.Release|x86.Build.0 = Release|Win32
		{6E87464B-B064-40CA-8161-7C18C337ADFF}.Debug|Any CPU.ActiveCfg = Debug|Any CPU
		{6E87464B-B064-40CA-8161-7C18C337ADFF}.Debug|Any CPU.Build.0 = Debug|Any CPU
		{6E87464B-B064-40CA-8161-7C18C337ADFF}.Debug|ARM.ActiveCfg = Debug|ARM
		{6E87464B-B064-40CA-8161-7C18C337ADFF}.Debug|ARM.Build.0 = Debug|ARM
		{6E87464B-B064-40CA-8161-7C18C337ADFF}.Debug|Mixed Platforms.ActiveCfg = Debug|x86
		{6E87464B-B064-40CA-8161-7C18C337ADFF}.Debug|Mixed Platforms.Build.0 = Debug|x86
		{6E87464B-B064-40CA-8161-7C18C337ADFF}.Debug|Win32.ActiveCfg = Debug|Win32
		{6E87464B-B064-40CA-8161-7C18C337ADFF}.Debug|Win32.Build.0 = Debug|Win32
		{6E87464B-B064-40CA-8161-7C18C337ADFF}.Debug|x64.ActiveCfg = Debug|x64
		{6E87464B-B064-40CA-8161-7C18C337ADFF}.Debug|x64.Build.0 = Debug|x64
		{6E87464B-B064-40CA-8161-7C18C337ADFF}.Debug|x86.ActiveCfg = Debug|x86
		{6E87464B-B064-40CA-8161-7C18C337ADFF}.Debug|x86.Build.0 = Debug|x86
		{6E87464B-B064-40CA-8161-7C18C337ADFF}.Release|Any CPU.ActiveCfg = Release|Any CPU
		{6E87464B-B064-40CA-8161-7C18C337ADFF}.Release|Any CPU.Build.0 = Release|Any CPU
		{6E87464B-B064-40CA-8161-7C18C337ADFF}.Release|ARM.ActiveCfg = Release|ARM
		{6E87464B-B064-40CA-8161-7C18C337ADFF}.Release|ARM.Build.0 = Release|ARM
		{6E87464B-B064-40CA-8161-7C18C337ADFF}.Release|Mixed Platforms.ActiveCfg = Release|x86
		{6E87464B-B064-40CA-8161-7C18C337ADFF}.Release|Mixed Platforms.Build.0 = Release|x86
		{6E87464B-B064-40CA-8161-7C18C337ADFF}.Release|Win32.ActiveCfg = Release|Win32
		{6E87464B-B064-40CA-8161-7C18C337ADFF}.Release|Win32.Build.0 = Release|Win32
		{6E87464B-B064-40CA-8161-7C18C337ADFF}.Release|x64.ActiveCfg = Release|x64
		{6E87464B-B064-40CA-8161-7C18C337ADFF}.Release|x64.Build.0 = Release|x64
		{6E87464B-B064-40CA-8161-7C18C337ADFF}.Release|x86.ActiveCfg = Release|x86
		{6E87464B-B064-40CA-8161-7C18C337ADFF}.Release|x86.Build.0 = Release|x86
	EndGlobalSection
	GlobalSection(SolutionProperties) = preSolution
		HideSolutionNode = FALSE
	EndGlobalSection
EndGlobal
